// !$*UTF8*$!
{
	archiveVersion = 1;
	classes = {
	};
	objectVersion = 55;
	objects = {

/* Begin PBXBuildFile section */
		E036019428FB57B2009ED6FC /* PruebaCeibaApp.swift in Sources */ = {isa = PBXBuildFile; fileRef = E036019328FB57B2009ED6FC /* PruebaCeibaApp.swift */; };
		E036019628FB57B2009ED6FC /* ContentView.swift in Sources */ = {isa = PBXBuildFile; fileRef = E036019528FB57B2009ED6FC /* ContentView.swift */; };
		E036019828FB57B5009ED6FC /* Assets.xcassets in Resources */ = {isa = PBXBuildFile; fileRef = E036019728FB57B5009ED6FC /* Assets.xcassets */; };
		E036019B28FB57B5009ED6FC /* Preview Assets.xcassets in Resources */ = {isa = PBXBuildFile; fileRef = E036019A28FB57B5009ED6FC /* Preview Assets.xcassets */; };
		E036019D28FB57B5009ED6FC /* Persistence.swift in Sources */ = {isa = PBXBuildFile; fileRef = E036019C28FB57B5009ED6FC /* Persistence.swift */; };
		E03601A028FB57B5009ED6FC /* PruebaCeiba.xcdatamodeld in Sources */ = {isa = PBXBuildFile; fileRef = E036019E28FB57B5009ED6FC /* PruebaCeiba.xcdatamodeld */; };
		E03601AA28FB57B5009ED6FC /* PruebaCeibaTests.swift in Sources */ = {isa = PBXBuildFile; fileRef = E03601A928FB57B5009ED6FC /* PruebaCeibaTests.swift */; };
		E03601B428FB57B6009ED6FC /* PruebaCeibaUITests.swift in Sources */ = {isa = PBXBuildFile; fileRef = E03601B328FB57B6009ED6FC /* PruebaCeibaUITests.swift */; };
		E03601B628FB57B6009ED6FC /* PruebaCeibaUITestsLaunchTests.swift in Sources */ = {isa = PBXBuildFile; fileRef = E03601B528FB57B6009ED6FC /* PruebaCeibaUITestsLaunchTests.swift */; };
		E03601C628FB5812009ED6FC /* ModelUsers.swift in Sources */ = {isa = PBXBuildFile; fileRef = E03601C528FB5812009ED6FC /* ModelUsers.swift */; };
		E03601C928FB5853009ED6FC /* WebServices.swift in Sources */ = {isa = PBXBuildFile; fileRef = E03601C828FB5853009ED6FC /* WebServices.swift */; };
		E03601CD28FB5B27009ED6FC /* UserViewModel.swift in Sources */ = {isa = PBXBuildFile; fileRef = E03601CC28FB5B27009ED6FC /* UserViewModel.swift */; };
		E03601D028FB5BC6009ED6FC /* Constans.swift in Sources */ = {isa = PBXBuildFile; fileRef = E03601CF28FB5BC6009ED6FC /* Constans.swift */; };
		E03601D228FB6855009ED6FC /* UserScreenView.swift in Sources */ = {isa = PBXBuildFile; fileRef = E03601D128FB6855009ED6FC /* UserScreenView.swift */; };
		E03601D528FB6961009ED6FC /* UserListView.swift in Sources */ = {isa = PBXBuildFile; fileRef = E03601D428FB6961009ED6FC /* UserListView.swift */; };
		E03601D728FB69DA009ED6FC /* UserCellView.swift in Sources */ = {isa = PBXBuildFile; fileRef = E03601D628FB69DA009ED6FC /* UserCellView.swift */; };
		E03601D928FB751B009ED6FC /* PostListScreen.swift in Sources */ = {isa = PBXBuildFile; fileRef = E03601D828FB751B009ED6FC /* PostListScreen.swift */; };
		E03601DB28FB783F009ED6FC /* PostListViewModel.swift in Sources */ = {isa = PBXBuildFile; fileRef = E03601DA28FB783F009ED6FC /* PostListViewModel.swift */; };
		E03601DD28FB78C7009ED6FC /* ModelPost.swift in Sources */ = {isa = PBXBuildFile; fileRef = E03601DC28FB78C7009ED6FC /* ModelPost.swift */; };
		E03601DF28FB7FCC009ED6FC /* PostListView.swift in Sources */ = {isa = PBXBuildFile; fileRef = E03601DE28FB7FCC009ED6FC /* PostListView.swift */; };
		E03601E128FB8070009ED6FC /* PostCellView.swift in Sources */ = {isa = PBXBuildFile; fileRef = E03601E028FB8070009ED6FC /* PostCellView.swift */; };
		E03601E528FB9D30009ED6FC /* SearchObservableObject.swift in Sources */ = {isa = PBXBuildFile; fileRef = E03601E428FB9D30009ED6FC /* SearchObservableObject.swift */; };
/* End PBXBuildFile section */

/* Begin PBXContainerItemProxy section */
		E03601A628FB57B5009ED6FC /* PBXContainerItemProxy */ = {
			isa = PBXContainerItemProxy;
			containerPortal = E036018828FB57B2009ED6FC /* Project object */;
			proxyType = 1;
			remoteGlobalIDString = E036018F28FB57B2009ED6FC;
			remoteInfo = PruebaCeiba;
		};
		E03601B028FB57B6009ED6FC /* PBXContainerItemProxy */ = {
			isa = PBXContainerItemProxy;
			containerPortal = E036018828FB57B2009ED6FC /* Project object */;
			proxyType = 1;
			remoteGlobalIDString = E036018F28FB57B2009ED6FC;
			remoteInfo = PruebaCeiba;
		};
/* End PBXContainerItemProxy section */

/* Begin PBXFileReference section */
		E036019028FB57B2009ED6FC /* PruebaCeiba.app */ = {isa = PBXFileReference; explicitFileType = wrapper.application; includeInIndex = 0; path = PruebaCeiba.app; sourceTree = BUILT_PRODUCTS_DIR; };
		E036019328FB57B2009ED6FC /* PruebaCeibaApp.swift */ = {isa = PBXFileReference; lastKnownFileType = sourcecode.swift; path = PruebaCeibaApp.swift; sourceTree = "<group>"; };
		E036019528FB57B2009ED6FC /* ContentView.swift */ = {isa = PBXFileReference; lastKnownFileType = sourcecode.swift; path = ContentView.swift; sourceTree = "<group>"; };
		E036019728FB57B5009ED6FC /* Assets.xcassets */ = {isa = PBXFileReference; lastKnownFileType = folder.assetcatalog; path = Assets.xcassets; sourceTree = "<group>"; };
		E036019A28FB57B5009ED6FC /* Preview Assets.xcassets */ = {isa = PBXFileReference; lastKnownFileType = folder.assetcatalog; path = "Preview Assets.xcassets"; sourceTree = "<group>"; };
		E036019C28FB57B5009ED6FC /* Persistence.swift */ = {isa = PBXFileReference; lastKnownFileType = sourcecode.swift; path = Persistence.swift; sourceTree = "<group>"; };
		E036019F28FB57B5009ED6FC /* PruebaCeiba.xcdatamodel */ = {isa = PBXFileReference; lastKnownFileType = wrapper.xcdatamodel; path = PruebaCeiba.xcdatamodel; sourceTree = "<group>"; };
		E03601A528FB57B5009ED6FC /* PruebaCeibaTests.xctest */ = {isa = PBXFileReference; explicitFileType = wrapper.cfbundle; includeInIndex = 0; path = PruebaCeibaTests.xctest; sourceTree = BUILT_PRODUCTS_DIR; };
		E03601A928FB57B5009ED6FC /* PruebaCeibaTests.swift */ = {isa = PBXFileReference; lastKnownFileType = sourcecode.swift; path = PruebaCeibaTests.swift; sourceTree = "<group>"; };
		E03601AF28FB57B6009ED6FC /* PruebaCeibaUITests.xctest */ = {isa = PBXFileReference; explicitFileType = wrapper.cfbundle; includeInIndex = 0; path = PruebaCeibaUITests.xctest; sourceTree = BUILT_PRODUCTS_DIR; };
		E03601B328FB57B6009ED6FC /* PruebaCeibaUITests.swift */ = {isa = PBXFileReference; lastKnownFileType = sourcecode.swift; path = PruebaCeibaUITests.swift; sourceTree = "<group>"; };
		E03601B528FB57B6009ED6FC /* PruebaCeibaUITestsLaunchTests.swift */ = {isa = PBXFileReference; lastKnownFileType = sourcecode.swift; path = PruebaCeibaUITestsLaunchTests.swift; sourceTree = "<group>"; };
		E03601C528FB5812009ED6FC /* ModelUsers.swift */ = {isa = PBXFileReference; lastKnownFileType = sourcecode.swift; path = ModelUsers.swift; sourceTree = "<group>"; };
		E03601C828FB5853009ED6FC /* WebServices.swift */ = {isa = PBXFileReference; lastKnownFileType = sourcecode.swift; path = WebServices.swift; sourceTree = "<group>"; };
		E03601CC28FB5B27009ED6FC /* UserViewModel.swift */ = {isa = PBXFileReference; lastKnownFileType = sourcecode.swift; path = UserViewModel.swift; sourceTree = "<group>"; };
		E03601CF28FB5BC6009ED6FC /* Constans.swift */ = {isa = PBXFileReference; lastKnownFileType = sourcecode.swift; path = Constans.swift; sourceTree = "<group>"; };
		E03601D128FB6855009ED6FC /* UserScreenView.swift */ = {isa = PBXFileReference; lastKnownFileType = sourcecode.swift; path = UserScreenView.swift; sourceTree = "<group>"; };
		E03601D428FB6961009ED6FC /* UserListView.swift */ = {isa = PBXFileReference; lastKnownFileType = sourcecode.swift; path = UserListView.swift; sourceTree = "<group>"; };
		E03601D628FB69DA009ED6FC /* UserCellView.swift */ = {isa = PBXFileReference; lastKnownFileType = sourcecode.swift; path = UserCellView.swift; sourceTree = "<group>"; };
		E03601D828FB751B009ED6FC /* PostListScreen.swift */ = {isa = PBXFileReference; lastKnownFileType = sourcecode.swift; path = PostListScreen.swift; sourceTree = "<group>"; };
		E03601DA28FB783F009ED6FC /* PostListViewModel.swift */ = {isa = PBXFileReference; lastKnownFileType = sourcecode.swift; path = PostListViewModel.swift; sourceTree = "<group>"; };
		E03601DC28FB78C7009ED6FC /* ModelPost.swift */ = {isa = PBXFileReference; lastKnownFileType = sourcecode.swift; path = ModelPost.swift; sourceTree = "<group>"; };
		E03601DE28FB7FCC009ED6FC /* PostListView.swift */ = {isa = PBXFileReference; lastKnownFileType = sourcecode.swift; path = PostListView.swift; sourceTree = "<group>"; };
		E03601E028FB8070009ED6FC /* PostCellView.swift */ = {isa = PBXFileReference; lastKnownFileType = sourcecode.swift; path = PostCellView.swift; sourceTree = "<group>"; };
		E03601E428FB9D30009ED6FC /* SearchObservableObject.swift */ = {isa = PBXFileReference; lastKnownFileType = sourcecode.swift; path = SearchObservableObject.swift; sourceTree = "<group>"; };
/* End PBXFileReference section */

/* Begin PBXFrameworksBuildPhase section */
		E036018D28FB57B2009ED6FC /* Frameworks */ = {
			isa = PBXFrameworksBuildPhase;
			buildActionMask = 2147483647;
			files = (
			);
			runOnlyForDeploymentPostprocessing = 0;
		};
		E03601A228FB57B5009ED6FC /* Frameworks */ = {
			isa = PBXFrameworksBuildPhase;
			buildActionMask = 2147483647;
			files = (
			);
			runOnlyForDeploymentPostprocessing = 0;
		};
		E03601AC28FB57B5009ED6FC /* Frameworks */ = {
			isa = PBXFrameworksBuildPhase;
			buildActionMask = 2147483647;
			files = (
			);
			runOnlyForDeploymentPostprocessing = 0;
		};
/* End PBXFrameworksBuildPhase section */

/* Begin PBXGroup section */
		E036018728FB57B2009ED6FC = {
			isa = PBXGroup;
			children = (
				E036019228FB57B2009ED6FC /* PruebaCeiba */,
				E03601A828FB57B5009ED6FC /* PruebaCeibaTests */,
				E03601B228FB57B6009ED6FC /* PruebaCeibaUITests */,
				E036019128FB57B2009ED6FC /* Products */,
			);
			sourceTree = "<group>";
		};
		E036019128FB57B2009ED6FC /* Products */ = {
			isa = PBXGroup;
			children = (
				E036019028FB57B2009ED6FC /* PruebaCeiba.app */,
				E03601A528FB57B5009ED6FC /* PruebaCeibaTests.xctest */,
				E03601AF28FB57B6009ED6FC /* PruebaCeibaUITests.xctest */,
			);
			name = Products;
			sourceTree = "<group>";
		};
		E036019228FB57B2009ED6FC /* PruebaCeiba */ = {
			isa = PBXGroup;
			children = (
				E036019328FB57B2009ED6FC /* PruebaCeibaApp.swift */,
				E03601D328FB6920009ED6FC /* Screens */,
				E03601CE28FB5BB7009ED6FC /* Utils */,
				E03601C728FB5840009ED6FC /* Services */,
				E03601C428FB57EC009ED6FC /* Model */,
				E03601C328FB57EA009ED6FC /* View */,
				E03601C228FB57E7009ED6FC /* ViewModel */,
				E05CDC9328FDD38600F12834 /* Repository */,
				E036019528FB57B2009ED6FC /* ContentView.swift */,
				E036019728FB57B5009ED6FC /* Assets.xcassets */,
				E036019928FB57B5009ED6FC /* Preview Content */,
			);
			path = PruebaCeiba;
			sourceTree = "<group>";
		};
		E036019928FB57B5009ED6FC /* Preview Content */ = {
			isa = PBXGroup;
			children = (
				E036019A28FB57B5009ED6FC /* Preview Assets.xcassets */,
			);
			path = "Preview Content";
			sourceTree = "<group>";
		};
		E03601A828FB57B5009ED6FC /* PruebaCeibaTests */ = {
			isa = PBXGroup;
			children = (
				E03601A928FB57B5009ED6FC /* PruebaCeibaTests.swift */,
			);
			path = PruebaCeibaTests;
			sourceTree = "<group>";
		};
		E03601B228FB57B6009ED6FC /* PruebaCeibaUITests */ = {
			isa = PBXGroup;
			children = (
				E03601B328FB57B6009ED6FC /* PruebaCeibaUITests.swift */,
				E03601B528FB57B6009ED6FC /* PruebaCeibaUITestsLaunchTests.swift */,
			);
			path = PruebaCeibaUITests;
			sourceTree = "<group>";
		};
		E03601C228FB57E7009ED6FC /* ViewModel */ = {
			isa = PBXGroup;
			children = (
				E03601CC28FB5B27009ED6FC /* UserViewModel.swift */,
				E03601DA28FB783F009ED6FC /* PostListViewModel.swift */,
				E03601E428FB9D30009ED6FC /* SearchObservableObject.swift */,
			);
			path = ViewModel;
			sourceTree = "<group>";
		};
		E03601C328FB57EA009ED6FC /* View */ = {
			isa = PBXGroup;
			children = (
				E03601D428FB6961009ED6FC /* UserListView.swift */,
				E03601D628FB69DA009ED6FC /* UserCellView.swift */,
				E03601DE28FB7FCC009ED6FC /* PostListView.swift */,
				E03601E028FB8070009ED6FC /* PostCellView.swift */,
			);
			path = View;
			sourceTree = "<group>";
		};
		E03601C428FB57EC009ED6FC /* Model */ = {
			isa = PBXGroup;
			children = (
				E03601C528FB5812009ED6FC /* ModelUsers.swift */,
				E03601DC28FB78C7009ED6FC /* ModelPost.swift */,
			);
			path = Model;
			sourceTree = "<group>";
		};
		E03601C728FB5840009ED6FC /* Services */ = {
			isa = PBXGroup;
			children = (
				E03601C828FB5853009ED6FC /* WebServices.swift */,
			);
			path = Services;
			sourceTree = "<group>";
		};
		E03601CE28FB5BB7009ED6FC /* Utils */ = {
			isa = PBXGroup;
			children = (
				E03601CF28FB5BC6009ED6FC /* Constans.swift */,
			);
			path = Utils;
			sourceTree = "<group>";
		};
		E03601D328FB6920009ED6FC /* Screens */ = {
			isa = PBXGroup;
			children = (
				E03601D128FB6855009ED6FC /* UserScreenView.swift */,
				E03601D828FB751B009ED6FC /* PostListScreen.swift */,
			);
			path = Screens;
			sourceTree = "<group>";
		};
		E05CDC9328FDD38600F12834 /* Repository */ = {
			isa = PBXGroup;
			children = (
				E036019E28FB57B5009ED6FC /* PruebaCeiba.xcdatamodeld */,
				E036019C28FB57B5009ED6FC /* Persistence.swift */,
			);
			path = Repository;
			sourceTree = "<group>";
		};
/* End PBXGroup section */

/* Begin PBXNativeTarget section */
		E036018F28FB57B2009ED6FC /* PruebaCeiba */ = {
			isa = PBXNativeTarget;
			buildConfigurationList = E03601B928FB57B6009ED6FC /* Build configuration list for PBXNativeTarget "PruebaCeiba" */;
			buildPhases = (
				E036018C28FB57B2009ED6FC /* Sources */,
				E036018D28FB57B2009ED6FC /* Frameworks */,
				E036018E28FB57B2009ED6FC /* Resources */,
			);
			buildRules = (
			);
			dependencies = (
			);
			name = PruebaCeiba;
			productName = PruebaCeiba;
			productReference = E036019028FB57B2009ED6FC /* PruebaCeiba.app */;
			productType = "com.apple.product-type.application";
		};
		E03601A428FB57B5009ED6FC /* PruebaCeibaTests */ = {
			isa = PBXNativeTarget;
			buildConfigurationList = E03601BC28FB57B6009ED6FC /* Build configuration list for PBXNativeTarget "PruebaCeibaTests" */;
			buildPhases = (
				E03601A128FB57B5009ED6FC /* Sources */,
				E03601A228FB57B5009ED6FC /* Frameworks */,
				E03601A328FB57B5009ED6FC /* Resources */,
			);
			buildRules = (
			);
			dependencies = (
				E03601A728FB57B5009ED6FC /* PBXTargetDependency */,
			);
			name = PruebaCeibaTests;
			productName = PruebaCeibaTests;
			productReference = E03601A528FB57B5009ED6FC /* PruebaCeibaTests.xctest */;
			productType = "com.apple.product-type.bundle.unit-test";
		};
		E03601AE28FB57B5009ED6FC /* PruebaCeibaUITests */ = {
			isa = PBXNativeTarget;
			buildConfigurationList = E03601BF28FB57B6009ED6FC /* Build configuration list for PBXNativeTarget "PruebaCeibaUITests" */;
			buildPhases = (
				E03601AB28FB57B5009ED6FC /* Sources */,
				E03601AC28FB57B5009ED6FC /* Frameworks */,
				E03601AD28FB57B5009ED6FC /* Resources */,
			);
			buildRules = (
			);
			dependencies = (
				E03601B128FB57B6009ED6FC /* PBXTargetDependency */,
			);
			name = PruebaCeibaUITests;
			productName = PruebaCeibaUITests;
			productReference = E03601AF28FB57B6009ED6FC /* PruebaCeibaUITests.xctest */;
			productType = "com.apple.product-type.bundle.ui-testing";
		};
/* End PBXNativeTarget section */

/* Begin PBXProject section */
		E036018828FB57B2009ED6FC /* Project object */ = {
			isa = PBXProject;
			attributes = {
				BuildIndependentTargetsInParallel = 1;
				LastSwiftUpdateCheck = 1340;
				LastUpgradeCheck = 1340;
				TargetAttributes = {
					E036018F28FB57B2009ED6FC = {
						CreatedOnToolsVersion = 13.4.1;
					};
					E03601A428FB57B5009ED6FC = {
						CreatedOnToolsVersion = 13.4.1;
						TestTargetID = E036018F28FB57B2009ED6FC;
					};
					E03601AE28FB57B5009ED6FC = {
						CreatedOnToolsVersion = 13.4.1;
						TestTargetID = E036018F28FB57B2009ED6FC;
					};
				};
			};
			buildConfigurationList = E036018B28FB57B2009ED6FC /* Build configuration list for PBXProject "PruebaCeiba" */;
			compatibilityVersion = "Xcode 13.0";
			developmentRegion = en;
			hasScannedForEncodings = 0;
			knownRegions = (
				en,
				Base,
			);
			mainGroup = E036018728FB57B2009ED6FC;
			productRefGroup = E036019128FB57B2009ED6FC /* Products */;
			projectDirPath = "";
			projectRoot = "";
			targets = (
				E036018F28FB57B2009ED6FC /* PruebaCeiba */,
				E03601A428FB57B5009ED6FC /* PruebaCeibaTests */,
				E03601AE28FB57B5009ED6FC /* PruebaCeibaUITests */,
			);
		};
/* End PBXProject section */

/* Begin PBXResourcesBuildPhase section */
		E036018E28FB57B2009ED6FC /* Resources */ = {
			isa = PBXResourcesBuildPhase;
			buildActionMask = 2147483647;
			files = (
				E036019B28FB57B5009ED6FC /* Preview Assets.xcassets in Resources */,
				E036019828FB57B5009ED6FC /* Assets.xcassets in Resources */,
			);
			runOnlyForDeploymentPostprocessing = 0;
		};
		E03601A328FB57B5009ED6FC /* Resources */ = {
			isa = PBXResourcesBuildPhase;
			buildActionMask = 2147483647;
			files = (
			);
			runOnlyForDeploymentPostprocessing = 0;
		};
		E03601AD28FB57B5009ED6FC /* Resources */ = {
			isa = PBXResourcesBuildPhase;
			buildActionMask = 2147483647;
			files = (
			);
			runOnlyForDeploymentPostprocessing = 0;
		};
/* End PBXResourcesBuildPhase section */

/* Begin PBXSourcesBuildPhase section */
		E036018C28FB57B2009ED6FC /* Sources */ = {
			isa = PBXSourcesBuildPhase;
			buildActionMask = 2147483647;
			files = (
				E036019D28FB57B5009ED6FC /* Persistence.swift in Sources */,
				E03601D528FB6961009ED6FC /* UserListView.swift in Sources */,
				E03601E528FB9D30009ED6FC /* SearchObservableObject.swift in Sources */,
				E036019628FB57B2009ED6FC /* ContentView.swift in Sources */,
				E03601D028FB5BC6009ED6FC /* Constans.swift in Sources */,
				E03601DF28FB7FCC009ED6FC /* PostListView.swift in Sources */,
				E03601D728FB69DA009ED6FC /* UserCellView.swift in Sources */,
				E03601DD28FB78C7009ED6FC /* ModelPost.swift in Sources */,
				E03601D928FB751B009ED6FC /* PostListScreen.swift in Sources */,
				E03601C928FB5853009ED6FC /* WebServices.swift in Sources */,
				E03601DB28FB783F009ED6FC /* PostListViewModel.swift in Sources */,
				E03601C628FB5812009ED6FC /* ModelUsers.swift in Sources */,
				E036019428FB57B2009ED6FC /* PruebaCeibaApp.swift in Sources */,
				E03601CD28FB5B27009ED6FC /* UserViewModel.swift in Sources */,
				E03601D228FB6855009ED6FC /* UserScreenView.swift in Sources */,
				E03601E128FB8070009ED6FC /* PostCellView.swift in Sources */,
				E03601A028FB57B5009ED6FC /* PruebaCeiba.xcdatamodeld in Sources */,
			);
			runOnlyForDeploymentPostprocessing = 0;
		};
		E03601A128FB57B5009ED6FC /* Sources */ = {
			isa = PBXSourcesBuildPhase;
			buildActionMask = 2147483647;
			files = (
				E03601AA28FB57B5009ED6FC /* PruebaCeibaTests.swift in Sources */,
			);
			runOnlyForDeploymentPostprocessing = 0;
		};
		E03601AB28FB57B5009ED6FC /* Sources */ = {
			isa = PBXSourcesBuildPhase;
			buildActionMask = 2147483647;
			files = (
				E03601B628FB57B6009ED6FC /* PruebaCeibaUITestsLaunchTests.swift in Sources */,
				E03601B428FB57B6009ED6FC /* PruebaCeibaUITests.swift in Sources */,
			);
			runOnlyForDeploymentPostprocessing = 0;
		};
/* End PBXSourcesBuildPhase section */

/* Begin PBXTargetDependency section */
		E03601A728FB57B5009ED6FC /* PBXTargetDependency */ = {
			isa = PBXTargetDependency;
			target = E036018F28FB57B2009ED6FC /* PruebaCeiba */;
			targetProxy = E03601A628FB57B5009ED6FC /* PBXContainerItemProxy */;
		};
		E03601B128FB57B6009ED6FC /* PBXTargetDependency */ = {
			isa = PBXTargetDependency;
			target = E036018F28FB57B2009ED6FC /* PruebaCeiba */;
			targetProxy = E03601B028FB57B6009ED6FC /* PBXContainerItemProxy */;
		};
/* End PBXTargetDependency section */

/* Begin XCBuildConfiguration section */
		E03601B728FB57B6009ED6FC /* Debug */ = {
			isa = XCBuildConfiguration;
			buildSettings = {
				ALWAYS_SEARCH_USER_PATHS = NO;
				CLANG_ANALYZER_NONNULL = YES;
				CLANG_ANALYZER_NUMBER_OBJECT_CONVERSION = YES_AGGRESSIVE;
				CLANG_CXX_LANGUAGE_STANDARD = "gnu++17";
				CLANG_ENABLE_MODULES = YES;
				CLANG_ENABLE_OBJC_ARC = YES;
				CLANG_ENABLE_OBJC_WEAK = YES;
				CLANG_WARN_BLOCK_CAPTURE_AUTORELEASING = YES;
				CLANG_WARN_BOOL_CONVERSION = YES;
				CLANG_WARN_COMMA = YES;
				CLANG_WARN_CONSTANT_CONVERSION = YES;
				CLANG_WARN_DEPRECATED_OBJC_IMPLEMENTATIONS = YES;
				CLANG_WARN_DIRECT_OBJC_ISA_USAGE = YES_ERROR;
				CLANG_WARN_DOCUMENTATION_COMMENTS = YES;
				CLANG_WARN_EMPTY_BODY = YES;
				CLANG_WARN_ENUM_CONVERSION = YES;
				CLANG_WARN_INFINITE_RECURSION = YES;
				CLANG_WARN_INT_CONVERSION = YES;
				CLANG_WARN_NON_LITERAL_NULL_CONVERSION = YES;
				CLANG_WARN_OBJC_IMPLICIT_RETAIN_SELF = YES;
				CLANG_WARN_OBJC_LITERAL_CONVERSION = YES;
				CLANG_WARN_OBJC_ROOT_CLASS = YES_ERROR;
				CLANG_WARN_QUOTED_INCLUDE_IN_FRAMEWORK_HEADER = YES;
				CLANG_WARN_RANGE_LOOP_ANALYSIS = YES;
				CLANG_WARN_STRICT_PROTOTYPES = YES;
				CLANG_WARN_SUSPICIOUS_MOVE = YES;
				CLANG_WARN_UNGUARDED_AVAILABILITY = YES_AGGRESSIVE;
				CLANG_WARN_UNREACHABLE_CODE = YES;
				CLANG_WARN__DUPLICATE_METHOD_MATCH = YES;
				COPY_PHASE_STRIP = NO;
				DEBUG_INFORMATION_FORMAT = dwarf;
				ENABLE_STRICT_OBJC_MSGSEND = YES;
				ENABLE_TESTABILITY = YES;
				GCC_C_LANGUAGE_STANDARD = gnu11;
				GCC_DYNAMIC_NO_PIC = NO;
				GCC_NO_COMMON_BLOCKS = YES;
				GCC_OPTIMIZATION_LEVEL = 0;
				GCC_PREPROCESSOR_DEFINITIONS = (
					"DEBUG=1",
					"$(inherited)",
				);
				GCC_WARN_64_TO_32_BIT_CONVERSION = YES;
				GCC_WARN_ABOUT_RETURN_TYPE = YES_ERROR;
				GCC_WARN_UNDECLARED_SELECTOR = YES;
				GCC_WARN_UNINITIALIZED_AUTOS = YES_AGGRESSIVE;
				GCC_WARN_UNUSED_FUNCTION = YES;
				GCC_WARN_UNUSED_VARIABLE = YES;
				IPHONEOS_DEPLOYMENT_TARGET = 15.5;
				MTL_ENABLE_DEBUG_INFO = INCLUDE_SOURCE;
				MTL_FAST_MATH = YES;
				ONLY_ACTIVE_ARCH = YES;
				SDKROOT = iphoneos;
				SWIFT_ACTIVE_COMPILATION_CONDITIONS = DEBUG;
				SWIFT_OPTIMIZATION_LEVEL = "-Onone";
			};
			name = Debug;
		};
		E03601B828FB57B6009ED6FC /* Release */ = {
			isa = XCBuildConfiguration;
			buildSettings = {
				ALWAYS_SEARCH_USER_PATHS = NO;
				CLANG_ANALYZER_NONNULL = YES;
				CLANG_ANALYZER_NUMBER_OBJECT_CONVERSION = YES_AGGRESSIVE;
				CLANG_CXX_LANGUAGE_STANDARD = "gnu++17";
				CLANG_ENABLE_MODULES = YES;
				CLANG_ENABLE_OBJC_ARC = YES;
				CLANG_ENABLE_OBJC_WEAK = YES;
				CLANG_WARN_BLOCK_CAPTURE_AUTORELEASING = YES;
				CLANG_WARN_BOOL_CONVERSION = YES;
				CLANG_WARN_COMMA = YES;
				CLANG_WARN_CONSTANT_CONVERSION = YES;
				CLANG_WARN_DEPRECATED_OBJC_IMPLEMENTATIONS = YES;
				CLANG_WARN_DIRECT_OBJC_ISA_USAGE = YES_ERROR;
				CLANG_WARN_DOCUMENTATION_COMMENTS = YES;
				CLANG_WARN_EMPTY_BODY = YES;
				CLANG_WARN_ENUM_CONVERSION = YES;
				CLANG_WARN_INFINITE_RECURSION = YES;
				CLANG_WARN_INT_CONVERSION = YES;
				CLANG_WARN_NON_LITERAL_NULL_CONVERSION = YES;
				CLANG_WARN_OBJC_IMPLICIT_RETAIN_SELF = YES;
				CLANG_WARN_OBJC_LITERAL_CONVERSION = YES;
				CLANG_WARN_OBJC_ROOT_CLASS = YES_ERROR;
				CLANG_WARN_QUOTED_INCLUDE_IN_FRAMEWORK_HEADER = YES;
				CLANG_WARN_RANGE_LOOP_ANALYSIS = YES;
				CLANG_WARN_STRICT_PROTOTYPES = YES;
				CLANG_WARN_SUSPICIOUS_MOVE = YES;
				CLANG_WARN_UNGUARDED_AVAILABILITY = YES_AGGRESSIVE;
				CLANG_WARN_UNREACHABLE_CODE = YES;
				CLANG_WARN__DUPLICATE_METHOD_MATCH = YES;
				COPY_PHASE_STRIP = NO;
				DEBUG_INFORMATION_FORMAT = "dwarf-with-dsym";
				ENABLE_NS_ASSERTIONS = NO;
				ENABLE_STRICT_OBJC_MSGSEND = YES;
				GCC_C_LANGUAGE_STANDARD = gnu11;
				GCC_NO_COMMON_BLOCKS = YES;
				GCC_WARN_64_TO_32_BIT_CONVERSION = YES;
				GCC_WARN_ABOUT_RETURN_TYPE = YES_ERROR;
				GCC_WARN_UNDECLARED_SELECTOR = YES;
				GCC_WARN_UNINITIALIZED_AUTOS = YES_AGGRESSIVE;
				GCC_WARN_UNUSED_FUNCTION = YES;
				GCC_WARN_UNUSED_VARIABLE = YES;
				IPHONEOS_DEPLOYMENT_TARGET = 15.5;
				MTL_ENABLE_DEBUG_INFO = NO;
				MTL_FAST_MATH = YES;
				SDKROOT = iphoneos;
				SWIFT_COMPILATION_MODE = wholemodule;
				SWIFT_OPTIMIZATION_LEVEL = "-O";
				VALIDATE_PRODUCT = YES;
			};
			name = Release;
		};
		E03601BA28FB57B6009ED6FC /* Debug */ = {
			isa = XCBuildConfiguration;
			buildSettings = {
				ASSETCATALOG_COMPILER_APPICON_NAME = AppIcon;
				ASSETCATALOG_COMPILER_GLOBAL_ACCENT_COLOR_NAME = AccentColor;
				CODE_SIGN_STYLE = Automatic;
				CURRENT_PROJECT_VERSION = 1;
				DEVELOPMENT_ASSET_PATHS = "\"PruebaCeiba/Preview Content\"";
				DEVELOPMENT_TEAM = K357BR6MN2;
				ENABLE_PREVIEWS = YES;
				GENERATE_INFOPLIST_FILE = YES;
				INFOPLIST_KEY_UIApplicationSceneManifest_Generation = YES;
				INFOPLIST_KEY_UIApplicationSupportsIndirectInputEvents = YES;
				INFOPLIST_KEY_UILaunchScreen_Generation = YES;
				INFOPLIST_KEY_UISupportedInterfaceOrientations_iPad = "UIInterfaceOrientationPortrait UIInterfaceOrientationPortraitUpsideDown UIInterfaceOrientationLandscapeLeft UIInterfaceOrientationLandscapeRight";
				INFOPLIST_KEY_UISupportedInterfaceOrientations_iPhone = "UIInterfaceOrientationPortrait UIInterfaceOrientationLandscapeLeft UIInterfaceOrientationLandscapeRight";
				IPHONEOS_DEPLOYMENT_TARGET = 15.5;
				LD_RUNPATH_SEARCH_PATHS = (
					"$(inherited)",
					"@executable_path/Frameworks",
				);
				MARKETING_VERSION = 1.0;
				PRODUCT_BUNDLE_IDENTIFIER = com.andcamilo.PruebaCeiba;
				PRODUCT_NAME = "$(TARGET_NAME)";
				SWIFT_EMIT_LOC_STRINGS = YES;
				SWIFT_VERSION = 5.0;
				TARGETED_DEVICE_FAMILY = "1,2";
			};
			name = Debug;
		};
		E03601BB28FB57B6009ED6FC /* Release */ = {
			isa = XCBuildConfiguration;
			buildSettings = {
				ASSETCATALOG_COMPILER_APPICON_NAME = AppIcon;
				ASSETCATALOG_COMPILER_GLOBAL_ACCENT_COLOR_NAME = AccentColor;
				CODE_SIGN_STYLE = Automatic;
				CURRENT_PROJECT_VERSION = 1;
				DEVELOPMENT_ASSET_PATHS = "\"PruebaCeiba/Preview Content\"";
				DEVELOPMENT_TEAM = K357BR6MN2;
				ENABLE_PREVIEWS = YES;
				GENERATE_INFOPLIST_FILE = YES;
				INFOPLIST_KEY_UIApplicationSceneManifest_Generation = YES;
				INFOPLIST_KEY_UIApplicationSupportsIndirectInputEvents = YES;
				INFOPLIST_KEY_UILaunchScreen_Generation = YES;
				INFOPLIST_KEY_UISupportedInterfaceOrientations_iPad = "UIInterfaceOrientationPortrait UIInterfaceOrientationPortraitUpsideDown UIInterfaceOrientationLandscapeLeft UIInterfaceOrientationLandscapeRight";
				INFOPLIST_KEY_UISupportedInterfaceOrientations_iPhone = "UIInterfaceOrientationPortrait UIInterfaceOrientationLandscapeLeft UIInterfaceOrientationLandscapeRight";
				IPHONEOS_DEPLOYMENT_TARGET = 15.5;
				LD_RUNPATH_SEARCH_PATHS = (
					"$(inherited)",
					"@executable_path/Frameworks",
				);
				MARKETING_VERSION = 1.0;
				PRODUCT_BUNDLE_IDENTIFIER = com.andcamilo.PruebaCeiba;
				PRODUCT_NAME = "$(TARGET_NAME)";
				SWIFT_EMIT_LOC_STRINGS = YES;
				SWIFT_VERSION = 5.0;
				TARGETED_DEVICE_FAMILY = "1,2";
			};
			name = Release;
		};
		E03601BD28FB57B6009ED6FC /* Debug */ = {
			isa = XCBuildConfiguration;
			buildSettings = {
				ALWAYS_EMBED_SWIFT_STANDARD_LIBRARIES = YES;
				BUNDLE_LOADER = "$(TEST_HOST)";
				CODE_SIGN_STYLE = Automatic;
				CURRENT_PROJECT_VERSION = 1;
				DEVELOPMENT_TEAM = K357BR6MN2;
				GENERATE_INFOPLIST_FILE = YES;
				IPHONEOS_DEPLOYMENT_TARGET = 15.5;
				MARKETING_VERSION = 1.0;
				PRODUCT_BUNDLE_IDENTIFIER = com.andcamilo.PruebaCeibaTests;
				PRODUCT_NAME = "$(TARGET_NAME)";
				SWIFT_EMIT_LOC_STRINGS = NO;
				SWIFT_VERSION = 5.0;
				TARGETED_DEVICE_FAMILY = "1,2";
				TEST_HOST = "$(BUILT_PRODUCTS_DIR)/PruebaCeiba.app/PruebaCeiba";
			};
			name = Debug;
		};
		E03601BE28FB57B6009ED6FC /* Release */ = {
			isa = XCBuildConfiguration;
			buildSettings = {
				ALWAYS_EMBED_SWIFT_STANDARD_LIBRARIES = YES;
				BUNDLE_LOADER = "$(TEST_HOST)";
				CODE_SIGN_STYLE = Automatic;
				CURRENT_PROJECT_VERSION = 1;
				DEVELOPMENT_TEAM = K357BR6MN2;
				GENERATE_INFOPLIST_FILE = YES;
				IPHONEOS_DEPLOYMENT_TARGET = 15.5;
				MARKETING_VERSION = 1.0;
				PRODUCT_BUNDLE_IDENTIFIER = com.andcamilo.PruebaCeibaTests;
				PRODUCT_NAME = "$(TARGET_NAME)";
				SWIFT_EMIT_LOC_STRINGS = NO;
				SWIFT_VERSION = 5.0;
				TARGETED_DEVICE_FAMILY = "1,2";
				TEST_HOST = "$(BUILT_PRODUCTS_DIR)/PruebaCeiba.app/PruebaCeiba";
			};
			name = Release;
		};
		E03601C028FB57B6009ED6FC /* Debug */ = {
			isa = XCBuildConfiguration;
			buildSettings = {
				ALWAYS_EMBED_SWIFT_STANDARD_LIBRARIES = YES;
				CODE_SIGN_STYLE = Automatic;
				CURRENT_PROJECT_VERSION = 1;
				DEVELOPMENT_TEAM = K357BR6MN2;
				GENERATE_INFOPLIST_FILE = YES;
				MARKETING_VERSION = 1.0;
				PRODUCT_BUNDLE_IDENTIFIER = com.andcamilo.PruebaCeibaUITests;
				PRODUCT_NAME = "$(TARGET_NAME)";
				SWIFT_EMIT_LOC_STRINGS = NO;
				SWIFT_VERSION = 5.0;
				TARGETED_DEVICE_FAMILY = "1,2";
				TEST_TARGET_NAME = PruebaCeiba;
			};
			name = Debug;
		};
		E03601C128FB57B6009ED6FC /* Release */ = {
			isa = XCBuildConfiguration;
			buildSettings = {
				ALWAYS_EMBED_SWIFT_STANDARD_LIBRARIES = YES;
				CODE_SIGN_STYLE = Automatic;
				CURRENT_PROJECT_VERSION = 1;
				DEVELOPMENT_TEAM = K357BR6MN2;
				GENERATE_INFOPLIST_FILE = YES;
				MARKETING_VERSION = 1.0;
				PRODUCT_BUNDLE_IDENTIFIER = com.andcamilo.PruebaCeibaUITests;
				PRODUCT_NAME = "$(TARGET_NAME)";
				SWIFT_EMIT_LOC_STRINGS = NO;
				SWIFT_VERSION = 5.0;
				TARGETED_DEVICE_FAMILY = "1,2";
				TEST_TARGET_NAME = PruebaCeiba;
			};
			name = Release;
		};
/* End XCBuildConfiguration section */

/* Begin XCConfigurationList section */
		E036018B28FB57B2009ED6FC /* Build configuration list for PBXProject "PruebaCeiba" */ = {
			isa = XCConfigurationList;
			buildConfigurations = (
				E03601B728FB57B6009ED6FC /* Debug */,
				E03601B828FB57B6009ED6FC /* Release */,
			);
			defaultConfigurationIsVisible = 0;
			defaultConfigurationName = Release;
		};
		E03601B928FB57B6009ED6FC /* Build configuration list for PBXNativeTarget "PruebaCeiba" */ = {
			isa = XCConfigurationList;
			buildConfigurations = (
				E03601BA28FB57B6009ED6FC /* Debug */,
				E03601BB28FB57B6009ED6FC /* Release */,
			);
			defaultConfigurationIsVisible = 0;
			defaultConfigurationName = Release;
		};
		E03601BC28FB57B6009ED6FC /* Build configuration list for PBXNativeTarget "PruebaCeibaTests" */ = {
			isa = XCConfigurationList;
			buildConfigurations = (
				E03601BD28FB57B6009ED6FC /* Debug */,
				E03601BE28FB57B6009ED6FC /* Release */,
			);
			defaultConfigurationIsVisible = 0;
			defaultConfigurationName = Release;
		};
		E03601BF28FB57B6009ED6FC /* Build configuration list for PBXNativeTarget "PruebaCeibaUITests" */ = {
			isa = XCConfigurationList;
			buildConfigurations = (
				E03601C028FB57B6009ED6FC /* Debug */,
				E03601C128FB57B6009ED6FC /* Release */,
			);
			defaultConfigurationIsVisible = 0;
			defaultConfigurationName = Release;
		};
/* End XCConfigurationList section */

/* Begin XCVersionGroup section */
		E036019E28FB57B5009ED6FC /* PruebaCeiba.xcdatamodeld */ = {
			isa = XCVersionGroup;
			children = (
				E036019F28FB57B5009ED6FC /* PruebaCeiba.xcdatamodel */,
			);
			currentVersion = E036019F28FB57B5009ED6FC /* PruebaCeiba.xcdatamodel */;
			path = PruebaCeiba.xcdatamodeld;
			sourceTree = "<group>";
			versionGroupType = wrapper.xcdatamodel;
		};
/* End XCVersionGroup section */
	};
	rootObject = E036018828FB57B2009ED6FC /* Project object */;
}
